
Microsoft Visual Studio Solution File, Format Version 12.00
# Visual Studio Version 17
VisualStudioVersion = 17.4.33110.190
MinimumVisualStudioVersion = 10.0.40219.1
Project("{FAE04EC0-301F-11D3-BF4B-00C04F79EFBC}") = "WebApiCore7", "WebApiCore7\WebApiCore7.csproj", "{3E23541B-933D-4EF8-A908-A0A7CD91213D}"
EndProject
Project("{2150E333-8FDC-42A3-9474-1A3956D46DE8}") = "Solution Items", "Solution Items", "{300C8E18-6BC0-4641-B268-D827C5C11A8B}"
	ProjectSection(SolutionItems) = preProject
		ReadMe.txt = ReadMe.txt
		screen 01.JPG = screen 01.JPG
	EndProjectSection
EndProject
Global
	GlobalSection(SolutionConfigurationPlatforms) = preSolution
		Debug|Any CPU = Debug|Any CPU
		Release|Any CPU = Release|Any CPU
	EndGlobalSection
	GlobalSection(ProjectConfigurationPlatforms) = postSolution
		{3E23541B-933D-4EF8-A908-A0A7CD91213D}.Debug|Any CPU.ActiveCfg = Debug|Any CPU
		{3E23541B-933D-4EF8-A908-A0A7CD91213D}.Debug|Any CPU.Build.0 = Debug|Any CPU
		{3E23541B-933D-4EF8-A908-A0A7CD91213D}.Release|Any CPU.ActiveCfg = Release|Any CPU
		{3E23541B-933D-4EF8-A908-A0A7CD91213D}.Release|Any CPU.Build.0 = Release|Any CPU
	EndGlobalSection
	GlobalSection(SolutionProperties) = preSolution
		HideSolutionNode = FALSE
	EndGlobalSection
	GlobalSection(ExtensibilityGlobals) = postSolution
		SolutionGuid = {3744CB4A-7CE2-4A4C-AA00-66E82AAE9175}
	EndGlobalSection
EndGlobal
